// !$*UTF8*$!
{
	archiveVersion = 1;
	classes = {
	};
	objectVersion = 50;
	objects = {

/* Begin PBXBuildFile section */
		EE80555023C2AFB20038376B /* VoodooI2CGoodixEventDriver.cpp in Sources */ = {isa = PBXBuildFile; fileRef = EE80554E23C2AFB20038376B /* VoodooI2CGoodixEventDriver.cpp */; };
		EE80555123C2AFB20038376B /* VoodooI2CGoodixEventDriver.hpp in Headers */ = {isa = PBXBuildFile; fileRef = EE80554F23C2AFB20038376B /* VoodooI2CGoodixEventDriver.hpp */; };
		F1F613CE2090304000F1B282 /* VoodooI2CGoodixTouchDriver.cpp in Sources */ = {isa = PBXBuildFile; fileRef = F1F613CC2090304000F1B282 /* VoodooI2CGoodixTouchDriver.cpp */; };
		F1F613CF2090304000F1B282 /* VoodooI2CGoodixTouchDriver.hpp in Headers */ = {isa = PBXBuildFile; fileRef = F1F613CD2090304000F1B282 /* VoodooI2CGoodixTouchDriver.hpp */; };
/* End PBXBuildFile section */

/* Begin PBXFileReference section */
		EE80554E23C2AFB20038376B /* VoodooI2CGoodixEventDriver.cpp */ = {isa = PBXFileReference; lastKnownFileType = sourcecode.cpp.cpp; path = VoodooI2CGoodixEventDriver.cpp; sourceTree = "<group>"; };
		EE80554F23C2AFB20038376B /* VoodooI2CGoodixEventDriver.hpp */ = {isa = PBXFileReference; lastKnownFileType = sourcecode.cpp.h; path = VoodooI2CGoodixEventDriver.hpp; sourceTree = "<group>"; };
		F1F613BE20902F4C00F1B282 /* VoodooI2CGoodix.kext */ = {isa = PBXFileReference; explicitFileType = wrapper.cfbundle; includeInIndex = 0; path = VoodooI2CGoodix.kext; sourceTree = BUILT_PRODUCTS_DIR; };
		F1F613C320902F4C00F1B282 /* Info.plist */ = {isa = PBXFileReference; lastKnownFileType = text.plist.xml; path = Info.plist; sourceTree = "<group>"; };
		F1F613CB20902FEE00F1B282 /* goodix.h */ = {isa = PBXFileReference; lastKnownFileType = sourcecode.c.h; path = goodix.h; sourceTree = "<group>"; };
		F1F613CC2090304000F1B282 /* VoodooI2CGoodixTouchDriver.cpp */ = {isa = PBXFileReference; lastKnownFileType = sourcecode.cpp.cpp; path = VoodooI2CGoodixTouchDriver.cpp; sourceTree = "<group>"; };
		F1F613CD2090304000F1B282 /* VoodooI2CGoodixTouchDriver.hpp */ = {isa = PBXFileReference; lastKnownFileType = sourcecode.cpp.h; path = VoodooI2CGoodixTouchDriver.hpp; sourceTree = "<group>"; };
/* End PBXFileReference section */

/* Begin PBXFrameworksBuildPhase section */
		F1F613BA20902F4C00F1B282 /* Frameworks */ = {
			isa = PBXFrameworksBuildPhase;
			buildActionMask = 2147483647;
			files = (
			);
			runOnlyForDeploymentPostprocessing = 0;
		};
/* End PBXFrameworksBuildPhase section */

/* Begin PBXGroup section */
		F1F613B420902F4C00F1B282 = {
			isa = PBXGroup;
			children = (
				F1F613C020902F4C00F1B282 /* VoodooI2CGoodix */,
				F1F613BF20902F4C00F1B282 /* Products */,
			);
			sourceTree = "<group>";
		};
		F1F613BF20902F4C00F1B282 /* Products */ = {
			isa = PBXGroup;
			children = (
				F1F613BE20902F4C00F1B282 /* VoodooI2CGoodix.kext */,
			);
			name = Products;
			sourceTree = "<group>";
		};
		F1F613C020902F4C00F1B282 /* VoodooI2CGoodix */ = {
			isa = PBXGroup;
			children = (
				F1F613C320902F4C00F1B282 /* Info.plist */,
				F1F613CB20902FEE00F1B282 /* goodix.h */,
				F1F613CC2090304000F1B282 /* VoodooI2CGoodixTouchDriver.cpp */,
				F1F613CD2090304000F1B282 /* VoodooI2CGoodixTouchDriver.hpp */,
				EE80554E23C2AFB20038376B /* VoodooI2CGoodixEventDriver.cpp */,
				EE80554F23C2AFB20038376B /* VoodooI2CGoodixEventDriver.hpp */,
			);
			path = VoodooI2CGoodix;
			sourceTree = "<group>";
		};
/* End PBXGroup section */

/* Begin PBXHeadersBuildPhase section */
		F1F613BB20902F4C00F1B282 /* Headers */ = {
			isa = PBXHeadersBuildPhase;
			buildActionMask = 2147483647;
			files = (
				EE80555123C2AFB20038376B /* VoodooI2CGoodixEventDriver.hpp in Headers */,
				F1F613CF2090304000F1B282 /* VoodooI2CGoodixTouchDriver.hpp in Headers */,
			);
			runOnlyForDeploymentPostprocessing = 0;
		};
/* End PBXHeadersBuildPhase section */

/* Begin PBXNativeTarget section */
		F1F613BD20902F4C00F1B282 /* VoodooI2CGoodix */ = {
			isa = PBXNativeTarget;
			buildConfigurationList = F1F613C620902F4C00F1B282 /* Build configuration list for PBXNativeTarget "VoodooI2CGoodix" */;
			buildPhases = (
				F1F613B920902F4C00F1B282 /* Sources */,
				F1F613BA20902F4C00F1B282 /* Frameworks */,
				F1F613BB20902F4C00F1B282 /* Headers */,
				F1F613BC20902F4C00F1B282 /* Resources */,
			);
			buildRules = (
			);
			dependencies = (
			);
			name = VoodooI2CGoodix;
			productName = VoodooI2CGoodix;
			productReference = F1F613BE20902F4C00F1B282 /* VoodooI2CGoodix.kext */;
			productType = "com.apple.product-type.kernel-extension";
		};
/* End PBXNativeTarget section */

/* Begin PBXProject section */
		F1F613B520902F4C00F1B282 /* Project object */ = {
			isa = PBXProject;
			attributes = {
				LastUpgradeCheck = 1130;
				ORGANIZATIONNAME = lazd;
				TargetAttributes = {
					F1F613BD20902F4C00F1B282 = {
						CreatedOnToolsVersion = 9.3;
					};
				};
			};
			buildConfigurationList = F1F613B820902F4C00F1B282 /* Build configuration list for PBXProject "VoodooI2CGoodix" */;
			compatibilityVersion = "Xcode 9.3";
			developmentRegion = en;
			hasScannedForEncodings = 0;
			knownRegions = (
				en,
			);
			mainGroup = F1F613B420902F4C00F1B282;
			productRefGroup = F1F613BF20902F4C00F1B282 /* Products */;
			projectDirPath = "";
			projectRoot = "";
			targets = (
				F1F613BD20902F4C00F1B282 /* VoodooI2CGoodix */,
			);
		};
/* End PBXProject section */

/* Begin PBXResourcesBuildPhase section */
		F1F613BC20902F4C00F1B282 /* Resources */ = {
			isa = PBXResourcesBuildPhase;
			buildActionMask = 2147483647;
			files = (
			);
			runOnlyForDeploymentPostprocessing = 0;
		};
/* End PBXResourcesBuildPhase section */

/* Begin PBXSourcesBuildPhase section */
		F1F613B920902F4C00F1B282 /* Sources */ = {
			isa = PBXSourcesBuildPhase;
			buildActionMask = 2147483647;
			files = (
				F1F613CE2090304000F1B282 /* VoodooI2CGoodixTouchDriver.cpp in Sources */,
				EE80555023C2AFB20038376B /* VoodooI2CGoodixEventDriver.cpp in Sources */,
			);
			runOnlyForDeploymentPostprocessing = 0;
		};
/* End PBXSourcesBuildPhase section */

/* Begin XCBuildConfiguration section */
		F1F613C420902F4C00F1B282 /* Debug */ = {
			isa = XCBuildConfiguration;
			buildSettings = {
				ALWAYS_SEARCH_USER_PATHS = NO;
				ARCHS = x86_64;
				CLANG_ANALYZER_NONNULL = YES;
				CLANG_ANALYZER_NUMBER_OBJECT_CONVERSION = YES_AGGRESSIVE;
				CLANG_CXX_LANGUAGE_STANDARD = "gnu++14";
				CLANG_CXX_LIBRARY = "libc++";
				CLANG_ENABLE_MODULES = YES;
				CLANG_ENABLE_OBJC_ARC = YES;
				CLANG_ENABLE_OBJC_WEAK = YES;
				CLANG_WARN_BLOCK_CAPTURE_AUTORELEASING = YES;
				CLANG_WARN_BOOL_CONVERSION = YES;
				CLANG_WARN_COMMA = YES;
				CLANG_WARN_CONSTANT_CONVERSION = YES;
				CLANG_WARN_DEPRECATED_OBJC_IMPLEMENTATIONS = YES;
				CLANG_WARN_DIRECT_OBJC_ISA_USAGE = YES_ERROR;
				CLANG_WARN_DOCUMENTATION_COMMENTS = YES;
				CLANG_WARN_EMPTY_BODY = YES;
				CLANG_WARN_ENUM_CONVERSION = YES;
				CLANG_WARN_INFINITE_RECURSION = YES;
				CLANG_WARN_INT_CONVERSION = YES;
				CLANG_WARN_NON_LITERAL_NULL_CONVERSION = YES;
				CLANG_WARN_OBJC_IMPLICIT_RETAIN_SELF = YES;
				CLANG_WARN_OBJC_LITERAL_CONVERSION = YES;
				CLANG_WARN_OBJC_ROOT_CLASS = YES_ERROR;
				CLANG_WARN_RANGE_LOOP_ANALYSIS = YES;
				CLANG_WARN_STRICT_PROTOTYPES = YES;
				CLANG_WARN_SUSPICIOUS_MOVE = YES;
				CLANG_WARN_UNGUARDED_AVAILABILITY = YES_AGGRESSIVE;
				CLANG_WARN_UNREACHABLE_CODE = YES;
				CLANG_WARN__DUPLICATE_METHOD_MATCH = YES;
				CODE_SIGN_IDENTITY = "-";
				COPY_PHASE_STRIP = NO;
				DEBUG_INFORMATION_FORMAT = dwarf;
				ENABLE_STRICT_OBJC_MSGSEND = YES;
				ENABLE_TESTABILITY = YES;
				GCC_C_LANGUAGE_STANDARD = gnu11;
				GCC_DYNAMIC_NO_PIC = NO;
				GCC_NO_COMMON_BLOCKS = YES;
				GCC_OPTIMIZATION_LEVEL = 0;
				GCC_PREPROCESSOR_DEFINITIONS = (
					"DEBUG=1",
					"$(inherited)",
				);
				GCC_WARN_64_TO_32_BIT_CONVERSION = YES;
				GCC_WARN_ABOUT_RETURN_TYPE = YES_ERROR;
				GCC_WARN_UNDECLARED_SELECTOR = YES;
				GCC_WARN_UNINITIALIZED_AUTOS = YES_AGGRESSIVE;
				GCC_WARN_UNUSED_FUNCTION = YES;
				GCC_WARN_UNUSED_VARIABLE = YES;
				KERNEL_EXTENSION_HEADER_SEARCH_PATHS = "$(PROJECT_DIR)/../../MacKernelSDK/Headers";
				KERNEL_FRAMEWORK_HEADERS = "$(PROJECT_DIR)/../../MacKernelSDK/Headers";
				MACOSX_DEPLOYMENT_TARGET = 10.11;
				MTL_ENABLE_DEBUG_INFO = YES;
				ONLY_ACTIVE_ARCH = YES;
				SDKROOT = macosx;
			};
			name = Debug;
		};
		F1F613C520902F4C00F1B282 /* Release */ = {
			isa = XCBuildConfiguration;
			buildSettings = {
				ALWAYS_SEARCH_USER_PATHS = NO;
				ARCHS = x86_64;
				CLANG_ANALYZER_NONNULL = YES;
				CLANG_ANALYZER_NUMBER_OBJECT_CONVERSION = YES_AGGRESSIVE;
				CLANG_CXX_LANGUAGE_STANDARD = "gnu++14";
				CLANG_CXX_LIBRARY = "libc++";
				CLANG_ENABLE_MODULES = YES;
				CLANG_ENABLE_OBJC_ARC = YES;
				CLANG_ENABLE_OBJC_WEAK = YES;
				CLANG_WARN_BLOCK_CAPTURE_AUTORELEASING = YES;
				CLANG_WARN_BOOL_CONVERSION = YES;
				CLANG_WARN_COMMA = YES;
				CLANG_WARN_CONSTANT_CONVERSION = YES;
				CLANG_WARN_DEPRECATED_OBJC_IMPLEMENTATIONS = YES;
				CLANG_WARN_DIRECT_OBJC_ISA_USAGE = YES_ERROR;
				CLANG_WARN_DOCUMENTATION_COMMENTS = YES;
				CLANG_WARN_EMPTY_BODY = YES;
				CLANG_WARN_ENUM_CONVERSION = YES;
				CLANG_WARN_INFINITE_RECURSION = YES;
				CLANG_WARN_INT_CONVERSION = YES;
				CLANG_WARN_NON_LITERAL_NULL_CONVERSION = YES;
				CLANG_WARN_OBJC_IMPLICIT_RETAIN_SELF = YES;
				CLANG_WARN_OBJC_LITERAL_CONVERSION = YES;
				CLANG_WARN_OBJC_ROOT_CLASS = YES_ERROR;
				CLANG_WARN_RANGE_LOOP_ANALYSIS = YES;
				CLANG_WARN_STRICT_PROTOTYPES = YES;
				CLANG_WARN_SUSPICIOUS_MOVE = YES;
				CLANG_WARN_UNGUARDED_AVAILABILITY = YES_AGGRESSIVE;
				CLANG_WARN_UNREACHABLE_CODE = YES;
				CLANG_WARN__DUPLICATE_METHOD_MATCH = YES;
				CODE_SIGN_IDENTITY = "-";
				COPY_PHASE_STRIP = NO;
				DEBUG_INFORMATION_FORMAT = "dwarf-with-dsym";
				ENABLE_NS_ASSERTIONS = NO;
				ENABLE_STRICT_OBJC_MSGSEND = YES;
				GCC_C_LANGUAGE_STANDARD = gnu11;
				GCC_NO_COMMON_BLOCKS = YES;
				GCC_WARN_64_TO_32_BIT_CONVERSION = YES;
				GCC_WARN_ABOUT_RETURN_TYPE = YES_ERROR;
				GCC_WARN_UNDECLARED_SELECTOR = YES;
				GCC_WARN_UNINITIALIZED_AUTOS = YES_AGGRESSIVE;
				GCC_WARN_UNUSED_FUNCTION = YES;
				GCC_WARN_UNUSED_VARIABLE = YES;
				KERNEL_EXTENSION_HEADER_SEARCH_PATHS = "$(PROJECT_DIR)/../../MacKernelSDK/Headers";
				KERNEL_FRAMEWORK_HEADERS = "$(PROJECT_DIR)/../../MacKernelSDK/Headers";
				MACOSX_DEPLOYMENT_TARGET = 10.11;
				MTL_ENABLE_DEBUG_INFO = NO;
				SDKROOT = macosx;
			};
			name = Release;
		};
		F1F613C720902F4C00F1B282 /* Debug */ = {
			isa = XCBuildConfiguration;
			buildSettings = {
				CODE_SIGN_IDENTITY = "-";
				CODE_SIGN_STYLE = Automatic;
				INFOPLIST_FILE = VoodooI2CGoodix/Info.plist;
				MODULE_NAME = net.lazd.VoodooI2CGoodix;
				MODULE_VERSION = 1.0.0d1;
				PRODUCT_BUNDLE_IDENTIFIER = net.lazd.VoodooI2CGoodix;
				PRODUCT_NAME = "$(TARGET_NAME)";
				WRAPPER_EXTENSION = kext;
			};
			name = Debug;
		};
		F1F613C820902F4C00F1B282 /* Release */ = {
			isa = XCBuildConfiguration;
			buildSettings = {
				CODE_SIGN_IDENTITY = "-";
				CODE_SIGN_STYLE = Automatic;
				INFOPLIST_FILE = VoodooI2CGoodix/Info.plist;
				MODULE_NAME = net.lazd.VoodooI2CGoodix;
				MODULE_VERSION = 1.0.0d1;
				PRODUCT_BUNDLE_IDENTIFIER = net.lazd.VoodooI2CGoodix;
				PRODUCT_NAME = "$(TARGET_NAME)";
				WRAPPER_EXTENSION = kext;
			};
			name = Release;
		};
/* End XCBuildConfiguration section */

/* Begin XCConfigurationList section */
		F1F613B820902F4C00F1B282 /* Build configuration list for PBXProject "VoodooI2CGoodix" */ = {
			isa = XCConfigurationList;
			buildConfigurations = (
				F1F613C420902F4C00F1B282 /* Debug */,
				F1F613C520902F4C00F1B282 /* Release */,
			);
			defaultConfigurationIsVisible = 0;
			defaultConfigurationName = Release;
		};
		F1F613C620902F4C00F1B282 /* Build configuration list for PBXNativeTarget "VoodooI2CGoodix" */ = {
			isa = XCConfigurationList;
			buildConfigurations = (
				F1F613C720902F4C00F1B282 /* Debug */,
				F1F613C820902F4C00F1B282 /* Release */,
			);
			defaultConfigurationIsVisible = 0;
			defaultConfigurationName = Release;
		};
/* End XCConfigurationList section */
	};
	rootObject = F1F613B520902F4C00F1B282 /* Project object */;
}
